
Microsoft Visual Studio Solution File, Format Version 12.00
# Visual Studio 2013
VisualStudioVersion = 12.0.40629.0
MinimumVisualStudioVersion = 10.0.40219.1
Project("{FAE04EC0-301F-11D3-BF4B-00C04F79EFBC}") = "MatchCurve", "MatchCurve\MatchCurve.csproj", "{F7BC60CB-9F4C-42A2-AB2B-87BA4A05901A}"
EndProject
Global
	GlobalSection(SolutionConfigurationPlatforms) = preSolution
		Debug64|Any CPU = Debug64|Any CPU
		Release|Any CPU = Release|Any CPU
	EndGlobalSection
	GlobalSection(ProjectConfigurationPlatforms) = postSolution
		{F7BC60CB-9F4C-42A2-AB2B-87BA4A05901A}.Debug64|Any CPU.ActiveCfg = Debug64|Any CPU
		{F7BC60CB-9F4C-42A2-AB2B-87BA4A05901A}.Debug64|Any CPU.Build.0 = Debug64|Any CPU
		{F7BC60CB-9F4C-42A2-AB2B-87BA4A05901A}.Release|Any CPU.ActiveCfg = Release|Any CPU
		{F7BC60CB-9F4C-42A2-AB2B-87BA4A05901A}.Release|Any CPU.Build.0 = Release|Any CPU
	EndGlobalSection
	GlobalSection(SolutionProperties) = preSolution
		HideSolutionNode = FALSE
	EndGlobalSection
EndGlobal
